Microsoft Visual Studio Solution File, Format Version 11.00
# Visual Studio 2008

Project("{6ECA895C-6814-FE04-2DA1-DF89464C60CE}") = "FPS Demo", "Assembly-CSharp.csproj", "{C270B53B-82FF-334B-5665-B6621FEC0E4B}"
EndProject
Project("{6ECA895C-6814-FE04-2DA1-DF89464C60CE}") = "FPS Demo", "Assembly-CSharp-Editor.csproj", "{DED8F3AE-72B1-3564-A7BC-AA12591AD6A1}"
EndProject
Global
	GlobalSection(SolutionConfigurationPlatforms) = preSolution
		Debug|Any CPU = Debug|Any CPU
		Release|Any CPU = Release|Any CPU
	EndGlobalSection
	GlobalSection(ProjectConfigurationPlatforms) = postSolution
		{C270B53B-82FF-334B-5665-B6621FEC0E4B}.Debug|Any CPU.ActiveCfg = Debug|Any CPU
		{C270B53B-82FF-334B-5665-B6621FEC0E4B}.Debug|Any CPU.Build.0 = Debug|Any CPU
		{C270B53B-82FF-334B-5665-B6621FEC0E4B}.Release|Any CPU.ActiveCfg = Release|Any CPU
		{C270B53B-82FF-334B-5665-B6621FEC0E4B}.Release|Any CPU.Build.0 = Release|Any CPU
		{DED8F3AE-72B1-3564-A7BC-AA12591AD6A1}.Debug|Any CPU.ActiveCfg = Debug|Any CPU
		{DED8F3AE-72B1-3564-A7BC-AA12591AD6A1}.Debug|Any CPU.Build.0 = Debug|Any CPU
		{DED8F3AE-72B1-3564-A7BC-AA12591AD6A1}.Release|Any CPU.ActiveCfg = Release|Any CPU
		{DED8F3AE-72B1-3564-A7BC-AA12591AD6A1}.Release|Any CPU.Build.0 = Release|Any CPU
	EndGlobalSection
	GlobalSection(SolutionProperties) = preSolution
		HideSolutionNode = FALSE
	EndGlobalSection
	GlobalSection(MonoDevelopProperties) = preSolution
		StartupItem = Assembly-CSharp.csproj
	EndGlobalSection
EndGlobal
